
Microsoft Visual Studio Solution File, Format Version 12.00
# Visual Studio Version 16
VisualStudioVersion = 16.0.29905.134
MinimumVisualStudioVersion = 10.0.40219.1
Project("{9A19103F-16F7-4668-BE54-9A1E7A4F7556}") = "IntroductionToML", "IntroductionToML.csproj", "{F8D25FF4-F238-439F-9B1B-FB33A1AFFBCC}"
EndProject
Project("{9A19103F-16F7-4668-BE54-9A1E7A4F7556}") = "IntroductionToMLML.Model", "IntroductionToMLML.Model\IntroductionToMLML.Model.csproj", "{77493C95-69ED-4241-A345-AFDDEF9CBAC1}"
EndProject
Project("{9A19103F-16F7-4668-BE54-9A1E7A4F7556}") = "IntroductionToMLML.ConsoleApp", "IntroductionToMLML.ConsoleApp\IntroductionToMLML.ConsoleApp.csproj", "{C72D845A-C99C-4E55-8677-3AFAFBF6048C}"
EndProject
Project("{FAE04EC0-301F-11D3-BF4B-00C04F79EFBC}") = "TextPrediction", "TextPrediction\TextPrediction\TextPrediction.csproj", "{927DE4E0-F605-4891-B160-855377DF0CFD}"
EndProject
Global
	GlobalSection(SolutionConfigurationPlatforms) = preSolution
		Debug|Any CPU = Debug|Any CPU
		Release|Any CPU = Release|Any CPU
	EndGlobalSection
	GlobalSection(ProjectConfigurationPlatforms) = postSolution
		{F8D25FF4-F238-439F-9B1B-FB33A1AFFBCC}.Debug|Any CPU.ActiveCfg = Debug|Any CPU
		{F8D25FF4-F238-439F-9B1B-FB33A1AFFBCC}.Debug|Any CPU.Build.0 = Debug|Any CPU
		{F8D25FF4-F238-439F-9B1B-FB33A1AFFBCC}.Release|Any CPU.ActiveCfg = Release|Any CPU
		{F8D25FF4-F238-439F-9B1B-FB33A1AFFBCC}.Release|Any CPU.Build.0 = Release|Any CPU
		{77493C95-69ED-4241-A345-AFDDEF9CBAC1}.Debug|Any CPU.ActiveCfg = Debug|Any CPU
		{77493C95-69ED-4241-A345-AFDDEF9CBAC1}.Debug|Any CPU.Build.0 = Debug|Any CPU
		{77493C95-69ED-4241-A345-AFDDEF9CBAC1}.Release|Any CPU.ActiveCfg = Release|Any CPU
		{77493C95-69ED-4241-A345-AFDDEF9CBAC1}.Release|Any CPU.Build.0 = Release|Any CPU
		{C72D845A-C99C-4E55-8677-3AFAFBF6048C}.Debug|Any CPU.ActiveCfg = Debug|Any CPU
		{C72D845A-C99C-4E55-8677-3AFAFBF6048C}.Debug|Any CPU.Build.0 = Debug|Any CPU
		{C72D845A-C99C-4E55-8677-3AFAFBF6048C}.Release|Any CPU.ActiveCfg = Release|Any CPU
		{C72D845A-C99C-4E55-8677-3AFAFBF6048C}.Release|Any CPU.Build.0 = Release|Any CPU
		{927DE4E0-F605-4891-B160-855377DF0CFD}.Debug|Any CPU.ActiveCfg = Debug|Any CPU
		{927DE4E0-F605-4891-B160-855377DF0CFD}.Debug|Any CPU.Build.0 = Debug|Any CPU
		{927DE4E0-F605-4891-B160-855377DF0CFD}.Release|Any CPU.ActiveCfg = Release|Any CPU
		{927DE4E0-F605-4891-B160-855377DF0CFD}.Release|Any CPU.Build.0 = Release|Any CPU
	EndGlobalSection
	GlobalSection(SolutionProperties) = preSolution
		HideSolutionNode = FALSE
	EndGlobalSection
	GlobalSection(ExtensibilityGlobals) = postSolution
		SolutionGuid = {CDC6576D-3F64-46BB-8266-A034A48C4750}
	EndGlobalSection
EndGlobal
