
Microsoft Visual Studio Solution File, Format Version 12.00
# Visual Studio Version 16
VisualStudioVersion = 16.0.29905.134
MinimumVisualStudioVersion = 10.0.40219.1
Project("{FAE04EC0-301F-11D3-BF4B-00C04F79EFBC}") = "IntroductionToML", "IntroductionToML.csproj", "{F8D25FF4-F238-439F-9B1B-FB33A1AFFBCC}"
EndProject
Global
	GlobalSection(SolutionConfigurationPlatforms) = preSolution
		Debug|Any CPU = Debug|Any CPU
		Release|Any CPU = Release|Any CPU
	EndGlobalSection
	GlobalSection(ProjectConfigurationPlatforms) = postSolution
		{F8D25FF4-F238-439F-9B1B-FB33A1AFFBCC}.Debug|Any CPU.ActiveCfg = Debug|Any CPU
		{F8D25FF4-F238-439F-9B1B-FB33A1AFFBCC}.Debug|Any CPU.Build.0 = Debug|Any CPU
		{F8D25FF4-F238-439F-9B1B-FB33A1AFFBCC}.Release|Any CPU.ActiveCfg = Release|Any CPU
		{F8D25FF4-F238-439F-9B1B-FB33A1AFFBCC}.Release|Any CPU.Build.0 = Release|Any CPU
	EndGlobalSection
	GlobalSection(SolutionProperties) = preSolution
		HideSolutionNode = FALSE
	EndGlobalSection
	GlobalSection(ExtensibilityGlobals) = postSolution
		SolutionGuid = {CDC6576D-3F64-46BB-8266-A034A48C4750}
	EndGlobalSection
EndGlobal
